
Microsoft Visual Studio Solution File, Format Version 12.00
# Visual Studio Version 17
VisualStudioVersion = 17.7.34202.233
MinimumVisualStudioVersion = 10.0.40219.1
Project("{9A19103F-16F7-4668-BE54-9A1E7A4F7556}") = "Trinity Foundation", "Trinity Foundation.csproj", "{89E0BA07-7889-48C9-A899-5A8A89DD6210}"
EndProject
Global
	GlobalSection(SolutionConfigurationPlatforms) = preSolution
		Debug|Any CPU = Debug|Any CPU
		Release|Any CPU = Release|Any CPU
	EndGlobalSection
	GlobalSection(ProjectConfigurationPlatforms) = postSolution
		{89E0BA07-7889-48C9-A899-5A8A89DD6210}.Debug|Any CPU.ActiveCfg = Debug|Any CPU
		{89E0BA07-7889-48C9-A899-5A8A89DD6210}.Debug|Any CPU.Build.0 = Debug|Any CPU
		{89E0BA07-7889-48C9-A899-5A8A89DD6210}.Release|Any CPU.ActiveCfg = Release|Any CPU
		{89E0BA07-7889-48C9-A899-5A8A89DD6210}.Release|Any CPU.Build.0 = Release|Any CPU
	EndGlobalSection
	GlobalSection(SolutionProperties) = preSolution
		HideSolutionNode = FALSE
	EndGlobalSection
	GlobalSection(ExtensibilityGlobals) = postSolution
		SolutionGuid = {1166FFC5-DDF1-4538-891F-641774953237}
	EndGlobalSection
EndGlobal
